// !$*UTF8*$!
{
	archiveVersion = 1;
	classes = {
	};
	objectVersion = 46;
	objects = {

/* Begin PBXBuildFile section */
		A2113D5B1DC6B53400F5726C /* AppDelegate.swift in Sources */ = {isa = PBXBuildFile; fileRef = A2113D5A1DC6B53400F5726C /* AppDelegate.swift */; };
		A2113D5D1DC6B53400F5726C /* ViewController.swift in Sources */ = {isa = PBXBuildFile; fileRef = A2113D5C1DC6B53400F5726C /* ViewController.swift */; };
		A2113D601DC6B53400F5726C /* Main.storyboard in Resources */ = {isa = PBXBuildFile; fileRef = A2113D5E1DC6B53400F5726C /* Main.storyboard */; };
		A2113D621DC6B53400F5726C /* Assets.xcassets in Resources */ = {isa = PBXBuildFile; fileRef = A2113D611DC6B53400F5726C /* Assets.xcassets */; };
		A2113D651DC6B53400F5726C /* LaunchScreen.storyboard in Resources */ = {isa = PBXBuildFile; fileRef = A2113D631DC6B53400F5726C /* LaunchScreen.storyboard */; };
		A2113D701DC6B53400F5726C /* CalculatorTests.swift in Sources */ = {isa = PBXBuildFile; fileRef = A2113D6F1DC6B53400F5726C /* CalculatorTests.swift */; };
		A2113D7B1DC6B53400F5726C /* CalculatorUITests.swift in Sources */ = {isa = PBXBuildFile; fileRef = A2113D7A1DC6B53400F5726C /* CalculatorUITests.swift */; };
		A2980FBD1DC7A6310018FAE2 /* CalculatorBrain.swift in Sources */ = {isa = PBXBuildFile; fileRef = A2980FBC1DC7A6310018FAE2 /* CalculatorBrain.swift */; };
/* End PBXBuildFile section */

/* Begin PBXContainerItemProxy section */
		A2113D6C1DC6B53400F5726C /* PBXContainerItemProxy */ = {
			isa = PBXContainerItemProxy;
			containerPortal = A2113D4F1DC6B53300F5726C /* Project object */;
			proxyType = 1;
			remoteGlobalIDString = A2113D561DC6B53300F5726C;
			remoteInfo = Calculator;
		};
		A2113D771DC6B53400F5726C /* PBXContainerItemProxy */ = {
			isa = PBXContainerItemProxy;
			containerPortal = A2113D4F1DC6B53300F5726C /* Project object */;
			proxyType = 1;
			remoteGlobalIDString = A2113D561DC6B53300F5726C;
			remoteInfo = Calculator;
		};
/* End PBXContainerItemProxy section */

/* Begin PBXFileReference section */
		A2113D571DC6B53400F5726C /* Calculator.app */ = {isa = PBXFileReference; explicitFileType = wrapper.application; includeInIndex = 0; path = Calculator.app; sourceTree = BUILT_PRODUCTS_DIR; };
		A2113D5A1DC6B53400F5726C /* AppDelegate.swift */ = {isa = PBXFileReference; lastKnownFileType = sourcecode.swift; path = AppDelegate.swift; sourceTree = "<group>"; };
		A2113D5C1DC6B53400F5726C /* ViewController.swift */ = {isa = PBXFileReference; lastKnownFileType = sourcecode.swift; path = ViewController.swift; sourceTree = "<group>"; };
		A2113D5F1DC6B53400F5726C /* Base */ = {isa = PBXFileReference; lastKnownFileType = file.storyboard; name = Base; path = Base.lproj/Main.storyboard; sourceTree = "<group>"; };
		A2113D611DC6B53400F5726C /* Assets.xcassets */ = {isa = PBXFileReference; lastKnownFileType = folder.assetcatalog; path = Assets.xcassets; sourceTree = "<group>"; };
		A2113D641DC6B53400F5726C /* Base */ = {isa = PBXFileReference; lastKnownFileType = file.storyboard; name = Base; path = Base.lproj/LaunchScreen.storyboard; sourceTree = "<group>"; };
		A2113D661DC6B53400F5726C /* Info.plist */ = {isa = PBXFileReference; lastKnownFileType = text.plist.xml; path = Info.plist; sourceTree = "<group>"; };
		A2113D6B1DC6B53400F5726C /* CalculatorTests.xctest */ = {isa = PBXFileReference; explicitFileType = wrapper.cfbundle; includeInIndex = 0; path = CalculatorTests.xctest; sourceTree = BUILT_PRODUCTS_DIR; };
		A2113D6F1DC6B53400F5726C /* CalculatorTests.swift */ = {isa = PBXFileReference; lastKnownFileType = sourcecode.swift; path = CalculatorTests.swift; sourceTree = "<group>"; };
		A2113D711DC6B53400F5726C /* Info.plist */ = {isa = PBXFileReference; lastKnownFileType = text.plist.xml; path = Info.plist; sourceTree = "<group>"; };
		A2113D761DC6B53400F5726C /* CalculatorUITests.xctest */ = {isa = PBXFileReference; explicitFileType = wrapper.cfbundle; includeInIndex = 0; path = CalculatorUITests.xctest; sourceTree = BUILT_PRODUCTS_DIR; };
		A2113D7A1DC6B53400F5726C /* CalculatorUITests.swift */ = {isa = PBXFileReference; lastKnownFileType = sourcecode.swift; path = CalculatorUITests.swift; sourceTree = "<group>"; };
		A2113D7C1DC6B53400F5726C /* Info.plist */ = {isa = PBXFileReference; lastKnownFileType = text.plist.xml; path = Info.plist; sourceTree = "<group>"; };
		A2980FBC1DC7A6310018FAE2 /* CalculatorBrain.swift */ = {isa = PBXFileReference; fileEncoding = 4; lastKnownFileType = sourcecode.swift; path = CalculatorBrain.swift; sourceTree = "<group>"; };
/* End PBXFileReference section */

/* Begin PBXFrameworksBuildPhase section */
		A2113D541DC6B53300F5726C /* Frameworks */ = {
			isa = PBXFrameworksBuildPhase;
			buildActionMask = 2147483647;
			files = (
			);
			runOnlyForDeploymentPostprocessing = 0;
		};
		A2113D681DC6B53400F5726C /* Frameworks */ = {
			isa = PBXFrameworksBuildPhase;
			buildActionMask = 2147483647;
			files = (
			);
			runOnlyForDeploymentPostprocessing = 0;
		};
		A2113D731DC6B53400F5726C /* Frameworks */ = {
			isa = PBXFrameworksBuildPhase;
			buildActionMask = 2147483647;
			files = (
			);
			runOnlyForDeploymentPostprocessing = 0;
		};
/* End PBXFrameworksBuildPhase section */

/* Begin PBXGroup section */
		A2113D4E1DC6B53300F5726C = {
			isa = PBXGroup;
			children = (
				A2113D591DC6B53400F5726C /* Calculator */,
				A2113D6E1DC6B53400F5726C /* CalculatorTests */,
				A2113D791DC6B53400F5726C /* CalculatorUITests */,
				A2113D581DC6B53400F5726C /* Products */,
			);
			sourceTree = "<group>";
		};
		A2113D581DC6B53400F5726C /* Products */ = {
			isa = PBXGroup;
			children = (
				A2113D571DC6B53400F5726C /* Calculator.app */,
				A2113D6B1DC6B53400F5726C /* CalculatorTests.xctest */,
				A2113D761DC6B53400F5726C /* CalculatorUITests.xctest */,
			);
			name = Products;
			sourceTree = "<group>";
		};
		A2113D591DC6B53400F5726C /* Calculator */ = {
			isa = PBXGroup;
			children = (
				A2113D5C1DC6B53400F5726C /* ViewController.swift */,
				A2113D5E1DC6B53400F5726C /* Main.storyboard */,
				A2980FBC1DC7A6310018FAE2 /* CalculatorBrain.swift */,
				A2983CFE1DC6BAF700426130 /* Useless SHit */,
			);
			path = Calculator;
			sourceTree = "<group>";
		};
		A2113D6E1DC6B53400F5726C /* CalculatorTests */ = {
			isa = PBXGroup;
			children = (
				A2113D6F1DC6B53400F5726C /* CalculatorTests.swift */,
				A2113D711DC6B53400F5726C /* Info.plist */,
			);
			path = CalculatorTests;
			sourceTree = "<group>";
		};
		A2113D791DC6B53400F5726C /* CalculatorUITests */ = {
			isa = PBXGroup;
			children = (
				A2113D7A1DC6B53400F5726C /* CalculatorUITests.swift */,
				A2113D7C1DC6B53400F5726C /* Info.plist */,
			);
			path = CalculatorUITests;
			sourceTree = "<group>";
		};
		A2983CFE1DC6BAF700426130 /* Useless SHit */ = {
			isa = PBXGroup;
			children = (
				A2113D5A1DC6B53400F5726C /* AppDelegate.swift */,
				A2113D611DC6B53400F5726C /* Assets.xcassets */,
				A2113D631DC6B53400F5726C /* LaunchScreen.storyboard */,
				A2113D661DC6B53400F5726C /* Info.plist */,
			);
			name = "Useless SHit";
			sourceTree = "<group>";
		};
/* End PBXGroup section */

/* Begin PBXNativeTarget section */
		A2113D561DC6B53300F5726C /* Calculator */ = {
			isa = PBXNativeTarget;
			buildConfigurationList = A2113D7F1DC6B53400F5726C /* Build configuration list for PBXNativeTarget "Calculator" */;
			buildPhases = (
				A2113D531DC6B53300F5726C /* Sources */,
				A2113D541DC6B53300F5726C /* Frameworks */,
				A2113D551DC6B53300F5726C /* Resources */,
			);
			buildRules = (
			);
			dependencies = (
			);
			name = Calculator;
			productName = Calculator;
			productReference = A2113D571DC6B53400F5726C /* Calculator.app */;
			productType = "com.apple.product-type.application";
		};
		A2113D6A1DC6B53400F5726C /* CalculatorTests */ = {
			isa = PBXNativeTarget;
			buildConfigurationList = A2113D821DC6B53400F5726C /* Build configuration list for PBXNativeTarget "CalculatorTests" */;
			buildPhases = (
				A2113D671DC6B53400F5726C /* Sources */,
				A2113D681DC6B53400F5726C /* Frameworks */,
				A2113D691DC6B53400F5726C /* Resources */,
			);
			buildRules = (
			);
			dependencies = (
				A2113D6D1DC6B53400F5726C /* PBXTargetDependency */,
			);
			name = CalculatorTests;
			productName = CalculatorTests;
			productReference = A2113D6B1DC6B53400F5726C /* CalculatorTests.xctest */;
			productType = "com.apple.product-type.bundle.unit-test";
		};
		A2113D751DC6B53400F5726C /* CalculatorUITests */ = {
			isa = PBXNativeTarget;
			buildConfigurationList = A2113D851DC6B53400F5726C /* Build configuration list for PBXNativeTarget "CalculatorUITests" */;
			buildPhases = (
				A2113D721DC6B53400F5726C /* Sources */,
				A2113D731DC6B53400F5726C /* Frameworks */,
				A2113D741DC6B53400F5726C /* Resources */,
			);
			buildRules = (
			);
			dependencies = (
				A2113D781DC6B53400F5726C /* PBXTargetDependency */,
			);
			name = CalculatorUITests;
			productName = CalculatorUITests;
			productReference = A2113D761DC6B53400F5726C /* CalculatorUITests.xctest */;
			productType = "com.apple.product-type.bundle.ui-testing";
		};
/* End PBXNativeTarget section */

/* Begin PBXProject section */
		A2113D4F1DC6B53300F5726C /* Project object */ = {
			isa = PBXProject;
			attributes = {
				LastSwiftUpdateCheck = 0800;
				LastUpgradeCheck = 0800;
				ORGANIZATIONNAME = bricK;
				TargetAttributes = {
					A2113D561DC6B53300F5726C = {
						CreatedOnToolsVersion = 8.0;
						DevelopmentTeam = 52SWRZ5BFH;
						ProvisioningStyle = Automatic;
					};
					A2113D6A1DC6B53400F5726C = {
						CreatedOnToolsVersion = 8.0;
						ProvisioningStyle = Automatic;
						TestTargetID = A2113D561DC6B53300F5726C;
					};
					A2113D751DC6B53400F5726C = {
						CreatedOnToolsVersion = 8.0;
						ProvisioningStyle = Automatic;
						TestTargetID = A2113D561DC6B53300F5726C;
					};
				};
			};
			buildConfigurationList = A2113D521DC6B53300F5726C /* Build configuration list for PBXProject "Calculator" */;
			compatibilityVersion = "Xcode 3.2";
			developmentRegion = English;
			hasScannedForEncodings = 0;
			knownRegions = (
				en,
				Base,
			);
			mainGroup = A2113D4E1DC6B53300F5726C;
			productRefGroup = A2113D581DC6B53400F5726C /* Products */;
			projectDirPath = "";
			projectRoot = "";
			targets = (
				A2113D561DC6B53300F5726C /* Calculator */,
				A2113D6A1DC6B53400F5726C /* CalculatorTests */,
				A2113D751DC6B53400F5726C /* CalculatorUITests */,
			);
		};
/* End PBXProject section */

/* Begin PBXResourcesBuildPhase section */
		A2113D551DC6B53300F5726C /* Resources */ = {
			isa = PBXResourcesBuildPhase;
			buildActionMask = 2147483647;
			files = (
				A2113D651DC6B53400F5726C /* LaunchScreen.storyboard in Resources */,
				A2113D621DC6B53400F5726C /* Assets.xcassets in Resources */,
				A2113D601DC6B53400F5726C /* Main.storyboard in Resources */,
			);
			runOnlyForDeploymentPostprocessing = 0;
		};
		A2113D691DC6B53400F5726C /* Resources */ = {
			isa = PBXResourcesBuildPhase;
			buildActionMask = 2147483647;
			files = (
			);
			runOnlyForDeploymentPostprocessing = 0;
		};
		A2113D741DC6B53400F5726C /* Resources */ = {
			isa = PBXResourcesBuildPhase;
			buildActionMask = 2147483647;
			files = (
			);
			runOnlyForDeploymentPostprocessing = 0;
		};
/* End PBXResourcesBuildPhase section */

/* Begin PBXSourcesBuildPhase section */
		A2113D531DC6B53300F5726C /* Sources */ = {
			isa = PBXSourcesBuildPhase;
			buildActionMask = 2147483647;
			files = (
				A2980FBD1DC7A6310018FAE2 /* CalculatorBrain.swift in Sources */,
				A2113D5D1DC6B53400F5726C /* ViewController.swift in Sources */,
				A2113D5B1DC6B53400F5726C /* AppDelegate.swift in Sources */,
			);
			runOnlyForDeploymentPostprocessing = 0;
		};
		A2113D671DC6B53400F5726C /* Sources */ = {
			isa = PBXSourcesBuildPhase;
			buildActionMask = 2147483647;
			files = (
				A2113D701DC6B53400F5726C /* CalculatorTests.swift in Sources */,
			);
			runOnlyForDeploymentPostprocessing = 0;
		};
		A2113D721DC6B53400F5726C /* Sources */ = {
			isa = PBXSourcesBuildPhase;
			buildActionMask = 2147483647;
			files = (
				A2113D7B1DC6B53400F5726C /* CalculatorUITests.swift in Sources */,
			);
			runOnlyForDeploymentPostprocessing = 0;
		};
/* End PBXSourcesBuildPhase section */

/* Begin PBXTargetDependency section */
		A2113D6D1DC6B53400F5726C /* PBXTargetDependency */ = {
			isa = PBXTargetDependency;
			target = A2113D561DC6B53300F5726C /* Calculator */;
			targetProxy = A2113D6C1DC6B53400F5726C /* PBXContainerItemProxy */;
		};
		A2113D781DC6B53400F5726C /* PBXTargetDependency */ = {
			isa = PBXTargetDependency;
			target = A2113D561DC6B53300F5726C /* Calculator */;
			targetProxy = A2113D771DC6B53400F5726C /* PBXContainerItemProxy */;
		};
/* End PBXTargetDependency section */

/* Begin PBXVariantGroup section */
		A2113D5E1DC6B53400F5726C /* Main.storyboard */ = {
			isa = PBXVariantGroup;
			children = (
				A2113D5F1DC6B53400F5726C /* Base */,
			);
			name = Main.storyboard;
			sourceTree = "<group>";
		};
		A2113D631DC6B53400F5726C /* LaunchScreen.storyboard */ = {
			isa = PBXVariantGroup;
			children = (
				A2113D641DC6B53400F5726C /* Base */,
			);
			name = LaunchScreen.storyboard;
			sourceTree = "<group>";
		};
/* End PBXVariantGroup section */

/* Begin XCBuildConfiguration section */
		A2113D7D1DC6B53400F5726C /* Debug */ = {
			isa = XCBuildConfiguration;
			buildSettings = {
				ALWAYS_SEARCH_USER_PATHS = NO;
				CLANG_ANALYZER_NONNULL = YES;
				CLANG_CXX_LANGUAGE_STANDARD = "gnu++0x";
				CLANG_CXX_LIBRARY = "libc++";
				CLANG_ENABLE_MODULES = YES;
				CLANG_ENABLE_OBJC_ARC = YES;
				CLANG_WARN_BOOL_CONVERSION = YES;
				CLANG_WARN_CONSTANT_CONVERSION = YES;
				CLANG_WARN_DIRECT_OBJC_ISA_USAGE = YES_ERROR;
				CLANG_WARN_DOCUMENTATION_COMMENTS = YES;
				CLANG_WARN_EMPTY_BODY = YES;
				CLANG_WARN_ENUM_CONVERSION = YES;
				CLANG_WARN_INFINITE_RECURSION = YES;
				CLANG_WARN_INT_CONVERSION = YES;
				CLANG_WARN_OBJC_ROOT_CLASS = YES_ERROR;
				CLANG_WARN_SUSPICIOUS_MOVES = YES;
				CLANG_WARN_UNREACHABLE_CODE = YES;
				CLANG_WARN__DUPLICATE_METHOD_MATCH = YES;
				"CODE_SIGN_IDENTITY[sdk=iphoneos*]" = "iPhone Developer";
				COPY_PHASE_STRIP = NO;
				DEBUG_INFORMATION_FORMAT = dwarf;
				ENABLE_STRICT_OBJC_MSGSEND = YES;
				ENABLE_TESTABILITY = YES;
				GCC_C_LANGUAGE_STANDARD = gnu99;
				GCC_DYNAMIC_NO_PIC = NO;
				GCC_NO_COMMON_BLOCKS = YES;
				GCC_OPTIMIZATION_LEVEL = 0;
				GCC_PREPROCESSOR_DEFINITIONS = (
					"DEBUG=1",
					"$(inherited)",
				);
				GCC_WARN_64_TO_32_BIT_CONVERSION = YES;
				GCC_WARN_ABOUT_RETURN_TYPE = YES_ERROR;
				GCC_WARN_UNDECLARED_SELECTOR = YES;
				GCC_WARN_UNINITIALIZED_AUTOS = YES_AGGRESSIVE;
				GCC_WARN_UNUSED_FUNCTION = YES;
				GCC_WARN_UNUSED_VARIABLE = YES;
				IPHONEOS_DEPLOYMENT_TARGET = 9.2;
				MTL_ENABLE_DEBUG_INFO = YES;
				ONLY_ACTIVE_ARCH = YES;
				SDKROOT = iphoneos;
				SWIFT_ACTIVE_COMPILATION_CONDITIONS = DEBUG;
				SWIFT_OPTIMIZATION_LEVEL = "-Onone";
				TARGETED_DEVICE_FAMILY = "1,2";
			};
			name = Debug;
		};
		A2113D7E1DC6B53400F5726C /* Release */ = {
			isa = XCBuildConfiguration;
			buildSettings = {
				ALWAYS_SEARCH_USER_PATHS = NO;
				CLANG_ANALYZER_NONNULL = YES;
				CLANG_CXX_LANGUAGE_STANDARD = "gnu++0x";
				CLANG_CXX_LIBRARY = "libc++";
				CLANG_ENABLE_MODULES = YES;
				CLANG_ENABLE_OBJC_ARC = YES;
				CLANG_WARN_BOOL_CONVERSION = YES;
				CLANG_WARN_CONSTANT_CONVERSION = YES;
				CLANG_WARN_DIRECT_OBJC_ISA_USAGE = YES_ERROR;
				CLANG_WARN_DOCUMENTATION_COMMENTS = YES;
				CLANG_WARN_EMPTY_BODY = YES;
				CLANG_WARN_ENUM_CONVERSION = YES;
				CLANG_WARN_INFINITE_RECURSION = YES;
				CLANG_WARN_INT_CONVERSION = YES;
				CLANG_WARN_OBJC_ROOT_CLASS = YES_ERROR;
				CLANG_WARN_SUSPICIOUS_MOVES = YES;
				CLANG_WARN_UNREACHABLE_CODE = YES;
				CLANG_WARN__DUPLICATE_METHOD_MATCH = YES;
				"CODE_SIGN_IDENTITY[sdk=iphoneos*]" = "iPhone Developer";
				COPY_PHASE_STRIP = NO;
				DEBUG_INFORMATION_FORMAT = "dwarf-with-dsym";
				ENABLE_NS_ASSERTIONS = NO;
				ENABLE_STRICT_OBJC_MSGSEND = YES;
				GCC_C_LANGUAGE_STANDARD = gnu99;
				GCC_NO_COMMON_BLOCKS = YES;
				GCC_WARN_64_TO_32_BIT_CONVERSION = YES;
				GCC_WARN_ABOUT_RETURN_TYPE = YES_ERROR;
				GCC_WARN_UNDECLARED_SELECTOR = YES;
				GCC_WARN_UNINITIALIZED_AUTOS = YES_AGGRESSIVE;
				GCC_WARN_UNUSED_FUNCTION = YES;
				GCC_WARN_UNUSED_VARIABLE = YES;
				IPHONEOS_DEPLOYMENT_TARGET = 9.2;
				MTL_ENABLE_DEBUG_INFO = NO;
				SDKROOT = iphoneos;
				SWIFT_OPTIMIZATION_LEVEL = "-Owholemodule";
				TARGETED_DEVICE_FAMILY = "1,2";
				VALIDATE_PRODUCT = YES;
			};
			name = Release;
		};
		A2113D801DC6B53400F5726C /* Debug */ = {
			isa = XCBuildConfiguration;
			buildSettings = {
				ASSETCATALOG_COMPILER_APPICON_NAME = AppIcon;
				"CODE_SIGN_IDENTITY[sdk=iphoneos*]" = "iPhone Developer";
				DEVELOPMENT_TEAM = 52SWRZ5BFH;
				INFOPLIST_FILE = Calculator/Info.plist;
				LD_RUNPATH_SEARCH_PATHS = "$(inherited) @executable_path/Frameworks";
				PRODUCT_BUNDLE_IDENTIFIER = com.brick.calculator.Calculator;
				PRODUCT_NAME = "$(TARGET_NAME)";
				SWIFT_VERSION = 3.0;
			};
			name = Debug;
		};
		A2113D811DC6B53400F5726C /* Release */ = {
			isa = XCBuildConfiguration;
			buildSettings = {
				ASSETCATALOG_COMPILER_APPICON_NAME = AppIcon;
				"CODE_SIGN_IDENTITY[sdk=iphoneos*]" = "iPhone Developer";
				DEVELOPMENT_TEAM = 52SWRZ5BFH;
				INFOPLIST_FILE = Calculator/Info.plist;
				LD_RUNPATH_SEARCH_PATHS = "$(inherited) @executable_path/Frameworks";
				PRODUCT_BUNDLE_IDENTIFIER = com.brick.calculator.Calculator;
				PRODUCT_NAME = "$(TARGET_NAME)";
				SWIFT_VERSION = 3.0;
			};
			name = Release;
		};
		A2113D831DC6B53400F5726C /* Debug */ = {
			isa = XCBuildConfiguration;
			buildSettings = {
				ALWAYS_EMBED_SWIFT_STANDARD_LIBRARIES = YES;
				BUNDLE_LOADER = "$(TEST_HOST)";
				INFOPLIST_FILE = CalculatorTests/Info.plist;
				LD_RUNPATH_SEARCH_PATHS = "$(inherited) @executable_path/Frameworks @loader_path/Frameworks";
				PRODUCT_BUNDLE_IDENTIFIER = com.brick.calculator.CalculatorTests;
				PRODUCT_NAME = "$(TARGET_NAME)";
				SWIFT_VERSION = 3.0;
				TEST_HOST = "$(BUILT_PRODUCTS_DIR)/Calculator.app/Calculator";
			};
			name = Debug;
		};
		A2113D841DC6B53400F5726C /* Release */ = {
			isa = XCBuildConfiguration;
			buildSettings = {
				ALWAYS_EMBED_SWIFT_STANDARD_LIBRARIES = YES;
				BUNDLE_LOADER = "$(TEST_HOST)";
				INFOPLIST_FILE = CalculatorTests/Info.plist;
				LD_RUNPATH_SEARCH_PATHS = "$(inherited) @executable_path/Frameworks @loader_path/Frameworks";
				PRODUCT_BUNDLE_IDENTIFIER = com.brick.calculator.CalculatorTests;
				PRODUCT_NAME = "$(TARGET_NAME)";
				SWIFT_VERSION = 3.0;
				TEST_HOST = "$(BUILT_PRODUCTS_DIR)/Calculator.app/Calculator";
			};
			name = Release;
		};
		A2113D861DC6B53400F5726C /* Debug */ = {
			isa = XCBuildConfiguration;
			buildSettings = {
				ALWAYS_EMBED_SWIFT_STANDARD_LIBRARIES = YES;
				INFOPLIST_FILE = CalculatorUITests/Info.plist;
				LD_RUNPATH_SEARCH_PATHS = "$(inherited) @executable_path/Frameworks @loader_path/Frameworks";
				PRODUCT_BUNDLE_IDENTIFIER = com.brick.calculator.CalculatorUITests;
				PRODUCT_NAME = "$(TARGET_NAME)";
				SWIFT_VERSION = 3.0;
				TEST_TARGET_NAME = Calculator;
			};
			name = Debug;
		};
		A2113D871DC6B53400F5726C /* Release */ = {
			isa = XCBuildConfiguration;
			buildSettings = {
				ALWAYS_EMBED_SWIFT_STANDARD_LIBRARIES = YES;
				INFOPLIST_FILE = CalculatorUITests/Info.plist;
				LD_RUNPATH_SEARCH_PATHS = "$(inherited) @executable_path/Frameworks @loader_path/Frameworks";
				PRODUCT_BUNDLE_IDENTIFIER = com.brick.calculator.CalculatorUITests;
				PRODUCT_NAME = "$(TARGET_NAME)";
				SWIFT_VERSION = 3.0;
				TEST_TARGET_NAME = Calculator;
			};
			name = Release;
		};
/* End XCBuildConfiguration section */

/* Begin XCConfigurationList section */
		A2113D521DC6B53300F5726C /* Build configuration list for PBXProject "Calculator" */ = {
			isa = XCConfigurationList;
			buildConfigurations = (
				A2113D7D1DC6B53400F5726C /* Debug */,
				A2113D7E1DC6B53400F5726C /* Release */,
			);
			defaultConfigurationIsVisible = 0;
			defaultConfigurationName = Release;
		};
		A2113D7F1DC6B53400F5726C /* Build configuration list for PBXNativeTarget "Calculator" */ = {
			isa = XCConfigurationList;
			buildConfigurations = (
				A2113D801DC6B53400F5726C /* Debug */,
				A2113D811DC6B53400F5726C /* Release */,
			);
			defaultConfigurationIsVisible = 0;
			defaultConfigurationName = Release;
		};
		A2113D821DC6B53400F5726C /* Build configuration list for PBXNativeTarget "CalculatorTests" */ = {
			isa = XCConfigurationList;
			buildConfigurations = (
				A2113D831DC6B53400F5726C /* Debug */,
				A2113D841DC6B53400F5726C /* Release */,
			);
			defaultConfigurationIsVisible = 0;
			defaultConfigurationName = Release;
		};
		A2113D851DC6B53400F5726C /* Build configuration list for PBXNativeTarget "CalculatorUITests" */ = {
			isa = XCConfigurationList;
			buildConfigurations = (
				A2113D861DC6B53400F5726C /* Debug */,
				A2113D871DC6B53400F5726C /* Release */,
			);
			defaultConfigurationIsVisible = 0;
			defaultConfigurationName = Release;
		};
/* End XCConfigurationList section */
	};
	rootObject = A2113D4F1DC6B53300F5726C /* Project object */;
}
